
Microsoft Visual Studio Solution File, Format Version 12.00
# Visual Studio Version 17
VisualStudioVersion = 17.7.33711.374
MinimumVisualStudioVersion = 10.0.40219.1
Project("{FAE04EC0-301F-11D3-BF4B-00C04F79EFBC}") = "BIGTool", "BIGTool\BIGTool.csproj", "{71F47DC8-D926-4867-A766-9618A203BA14}"
EndProject
Global
	GlobalSection(SolutionConfigurationPlatforms) = preSolution
		Debug|Any CPU = Debug|Any CPU
		Release|Any CPU = Release|Any CPU
	EndGlobalSection
	GlobalSection(ProjectConfigurationPlatforms) = postSolution
		{71F47DC8-D926-4867-A766-9618A203BA14}.Debug|Any CPU.ActiveCfg = Debug|Any CPU
		{71F47DC8-D926-4867-A766-9618A203BA14}.Debug|Any CPU.Build.0 = Debug|Any CPU
		{71F47DC8-D926-4867-A766-9618A203BA14}.Release|Any CPU.ActiveCfg = Release|Any CPU
		{71F47DC8-D926-4867-A766-9618A203BA14}.Release|Any CPU.Build.0 = Release|Any CPU
	EndGlobalSection
	GlobalSection(SolutionProperties) = preSolution
		HideSolutionNode = FALSE
	EndGlobalSection
	GlobalSection(ExtensibilityGlobals) = postSolution
		SolutionGuid = {D508B1A2-8C16-430C-BEC4-2E10D4986FC5}
	EndGlobalSection
EndGlobal
